// !$*UTF8*$!
{
	archiveVersion = 1;
	classes = {
	};
	objectVersion = 50;
	objects = {

/* Begin PBXBuildFile section */
		0A1D9AC325F3E1A7004E347C /* AppDelegate.swift in Sources */ = {isa = PBXBuildFile; fileRef = 0A1D9AC225F3E1A7004E347C /* AppDelegate.swift */; };
		0A1D9AC525F3E1A7004E347C /* SceneDelegate.swift in Sources */ = {isa = PBXBuildFile; fileRef = 0A1D9AC425F3E1A7004E347C /* SceneDelegate.swift */; };
		0A1D9AC725F3E1A7004E347C /* ViewController.swift in Sources */ = {isa = PBXBuildFile; fileRef = 0A1D9AC625F3E1A7004E347C /* ViewController.swift */; };
		0A1D9ACA25F3E1A7004E347C /* Main.storyboard in Resources */ = {isa = PBXBuildFile; fileRef = 0A1D9AC825F3E1A7004E347C /* Main.storyboard */; };
		0A1D9ACC25F3E1B0004E347C /* Assets.xcassets in Resources */ = {isa = PBXBuildFile; fileRef = 0A1D9ACB25F3E1B0004E347C /* Assets.xcassets */; };
		0A1D9ACF25F3E1B0004E347C /* LaunchScreen.storyboard in Resources */ = {isa = PBXBuildFile; fileRef = 0A1D9ACD25F3E1B0004E347C /* LaunchScreen.storyboard */; };
		0A1D9ADA25F4EBF0004E347C /* Task.swift in Sources */ = {isa = PBXBuildFile; fileRef = 0A1D9AD925F4EBF0004E347C /* Task.swift */; };
		0A1D9AE025F4ED27004E347C /* TaskStorage.swift in Sources */ = {isa = PBXBuildFile; fileRef = 0A1D9ADF25F4ED27004E347C /* TaskStorage.swift */; };
		0A1D9AE625F4EE7C004E347C /* TaskTableViewController.swift in Sources */ = {isa = PBXBuildFile; fileRef = 0A1D9AE525F4EE7C004E347C /* TaskTableViewController.swift */; };
		0A1D9AF025F504CD004E347C /* TaskCell.swift in Sources */ = {isa = PBXBuildFile; fileRef = 0A1D9AEF25F504CD004E347C /* TaskCell.swift */; };
/* End PBXBuildFile section */

/* Begin PBXFileReference section */
		0A1D9ABF25F3E1A7004E347C /* Tasker.app */ = {isa = PBXFileReference; explicitFileType = wrapper.application; includeInIndex = 0; path = Tasker.app; sourceTree = BUILT_PRODUCTS_DIR; };
		0A1D9AC225F3E1A7004E347C /* AppDelegate.swift */ = {isa = PBXFileReference; lastKnownFileType = sourcecode.swift; path = AppDelegate.swift; sourceTree = "<group>"; };
		0A1D9AC425F3E1A7004E347C /* SceneDelegate.swift */ = {isa = PBXFileReference; lastKnownFileType = sourcecode.swift; path = SceneDelegate.swift; sourceTree = "<group>"; };
		0A1D9AC625F3E1A7004E347C /* ViewController.swift */ = {isa = PBXFileReference; lastKnownFileType = sourcecode.swift; path = ViewController.swift; sourceTree = "<group>"; };
		0A1D9AC925F3E1A7004E347C /* Base */ = {isa = PBXFileReference; lastKnownFileType = file.storyboard; name = Base; path = Base.lproj/Main.storyboard; sourceTree = "<group>"; };
		0A1D9ACB25F3E1B0004E347C /* Assets.xcassets */ = {isa = PBXFileReference; lastKnownFileType = folder.assetcatalog; path = Assets.xcassets; sourceTree = "<group>"; };
		0A1D9ACE25F3E1B0004E347C /* Base */ = {isa = PBXFileReference; lastKnownFileType = file.storyboard; name = Base; path = Base.lproj/LaunchScreen.storyboard; sourceTree = "<group>"; };
		0A1D9AD025F3E1B0004E347C /* Info.plist */ = {isa = PBXFileReference; lastKnownFileType = text.plist.xml; path = Info.plist; sourceTree = "<group>"; };
		0A1D9AD925F4EBF0004E347C /* Task.swift */ = {isa = PBXFileReference; lastKnownFileType = sourcecode.swift; path = Task.swift; sourceTree = "<group>"; };
		0A1D9ADF25F4ED27004E347C /* TaskStorage.swift */ = {isa = PBXFileReference; lastKnownFileType = sourcecode.swift; path = TaskStorage.swift; sourceTree = "<group>"; };
		0A1D9AE525F4EE7C004E347C /* TaskTableViewController.swift */ = {isa = PBXFileReference; lastKnownFileType = sourcecode.swift; path = TaskTableViewController.swift; sourceTree = "<group>"; };
		0A1D9AEF25F504CD004E347C /* TaskCell.swift */ = {isa = PBXFileReference; lastKnownFileType = sourcecode.swift; path = TaskCell.swift; sourceTree = "<group>"; };
/* End PBXFileReference section */

/* Begin PBXFrameworksBuildPhase section */
		0A1D9ABC25F3E1A7004E347C /* Frameworks */ = {
			isa = PBXFrameworksBuildPhase;
			buildActionMask = 2147483647;
			files = (
			);
			runOnlyForDeploymentPostprocessing = 0;
		};
/* End PBXFrameworksBuildPhase section */

/* Begin PBXGroup section */
		0A1D9AB625F3E1A7004E347C = {
			isa = PBXGroup;
			children = (
				0A1D9AC125F3E1A7004E347C /* Tasker */,
				0A1D9AC025F3E1A7004E347C /* Products */,
			);
			sourceTree = "<group>";
		};
		0A1D9AC025F3E1A7004E347C /* Products */ = {
			isa = PBXGroup;
			children = (
				0A1D9ABF25F3E1A7004E347C /* Tasker.app */,
			);
			name = Products;
			sourceTree = "<group>";
		};
		0A1D9AC125F3E1A7004E347C /* Tasker */ = {
			isa = PBXGroup;
			children = (
				0A1D9AE325F4EE63004E347C /* TaskViewController */,
				0A1D9ADE25F4ED18004E347C /* Storage */,
				0A1D9AD825F4EB8F004E347C /* Models */,
				0A1D9AD725F3E1BE004E347C /* Storyboard */,
				0A1D9AC225F3E1A7004E347C /* AppDelegate.swift */,
				0A1D9AC425F3E1A7004E347C /* SceneDelegate.swift */,
				0A1D9AC625F3E1A7004E347C /* ViewController.swift */,
				0A1D9ACB25F3E1B0004E347C /* Assets.xcassets */,
				0A1D9ACD25F3E1B0004E347C /* LaunchScreen.storyboard */,
				0A1D9AD025F3E1B0004E347C /* Info.plist */,
			);
			path = Tasker;
			sourceTree = "<group>";
		};
		0A1D9AD725F3E1BE004E347C /* Storyboard */ = {
			isa = PBXGroup;
			children = (
				0A1D9AC825F3E1A7004E347C /* Main.storyboard */,
			);
			path = Storyboard;
			sourceTree = "<group>";
		};
		0A1D9AD825F4EB8F004E347C /* Models */ = {
			isa = PBXGroup;
			children = (
				0A1D9AD925F4EBF0004E347C /* Task.swift */,
			);
			path = Models;
			sourceTree = "<group>";
		};
		0A1D9ADE25F4ED18004E347C /* Storage */ = {
			isa = PBXGroup;
			children = (
				0A1D9ADF25F4ED27004E347C /* TaskStorage.swift */,
			);
			path = Storage;
			sourceTree = "<group>";
		};
		0A1D9AE325F4EE63004E347C /* TaskViewController */ = {
			isa = PBXGroup;
			children = (
				0A1D9AE525F4EE7C004E347C /* TaskTableViewController.swift */,
				0A1D9AEF25F504CD004E347C /* TaskCell.swift */,
			);
			path = TaskViewController;
			sourceTree = "<group>";
		};
/* End PBXGroup section */

/* Begin PBXNativeTarget section */
		0A1D9ABE25F3E1A7004E347C /* Tasker */ = {
			isa = PBXNativeTarget;
			buildConfigurationList = 0A1D9AD325F3E1B0004E347C /* Build configuration list for PBXNativeTarget "Tasker" */;
			buildPhases = (
				0A1D9ABB25F3E1A7004E347C /* Sources */,
				0A1D9ABC25F3E1A7004E347C /* Frameworks */,
				0A1D9ABD25F3E1A7004E347C /* Resources */,
			);
			buildRules = (
			);
			dependencies = (
			);
			name = Tasker;
			productName = Tasker;
			productReference = 0A1D9ABF25F3E1A7004E347C /* Tasker.app */;
			productType = "com.apple.product-type.application";
		};
/* End PBXNativeTarget section */

/* Begin PBXProject section */
		0A1D9AB725F3E1A7004E347C /* Project object */ = {
			isa = PBXProject;
			attributes = {
				LastSwiftUpdateCheck = 1240;
				LastUpgradeCheck = 1240;
				TargetAttributes = {
					0A1D9ABE25F3E1A7004E347C = {
						CreatedOnToolsVersion = 12.4;
					};
				};
			};
			buildConfigurationList = 0A1D9ABA25F3E1A7004E347C /* Build configuration list for PBXProject "Tasker" */;
			compatibilityVersion = "Xcode 9.3";
			developmentRegion = en;
			hasScannedForEncodings = 0;
			knownRegions = (
				en,
				Base,
			);
			mainGroup = 0A1D9AB625F3E1A7004E347C;
			productRefGroup = 0A1D9AC025F3E1A7004E347C /* Products */;
			projectDirPath = "";
			projectRoot = "";
			targets = (
				0A1D9ABE25F3E1A7004E347C /* Tasker */,
			);
		};
/* End PBXProject section */

/* Begin PBXResourcesBuildPhase section */
		0A1D9ABD25F3E1A7004E347C /* Resources */ = {
			isa = PBXResourcesBuildPhase;
			buildActionMask = 2147483647;
			files = (
				0A1D9ACF25F3E1B0004E347C /* LaunchScreen.storyboard in Resources */,
				0A1D9ACC25F3E1B0004E347C /* Assets.xcassets in Resources */,
				0A1D9ACA25F3E1A7004E347C /* Main.storyboard in Resources */,
			);
			runOnlyForDeploymentPostprocessing = 0;
		};
/* End PBXResourcesBuildPhase section */

/* Begin PBXSourcesBuildPhase section */
		0A1D9ABB25F3E1A7004E347C /* Sources */ = {
			isa = PBXSourcesBuildPhase;
			buildActionMask = 2147483647;
			files = (
				0A1D9AE625F4EE7C004E347C /* TaskTableViewController.swift in Sources */,
				0A1D9AF025F504CD004E347C /* TaskCell.swift in Sources */,
				0A1D9AC725F3E1A7004E347C /* ViewController.swift in Sources */,
				0A1D9AC325F3E1A7004E347C /* AppDelegate.swift in Sources */,
				0A1D9ADA25F4EBF0004E347C /* Task.swift in Sources */,
				0A1D9AE025F4ED27004E347C /* TaskStorage.swift in Sources */,
				0A1D9AC525F3E1A7004E347C /* SceneDelegate.swift in Sources */,
			);
			runOnlyForDeploymentPostprocessing = 0;
		};
/* End PBXSourcesBuildPhase section */

/* Begin PBXVariantGroup section */
		0A1D9AC825F3E1A7004E347C /* Main.storyboard */ = {
			isa = PBXVariantGroup;
			children = (
				0A1D9AC925F3E1A7004E347C /* Base */,
			);
			name = Main.storyboard;
			sourceTree = "<group>";
		};
		0A1D9ACD25F3E1B0004E347C /* LaunchScreen.storyboard */ = {
			isa = PBXVariantGroup;
			children = (
				0A1D9ACE25F3E1B0004E347C /* Base */,
			);
			name = LaunchScreen.storyboard;
			sourceTree = "<group>";
		};
/* End PBXVariantGroup section */

/* Begin XCBuildConfiguration section */
		0A1D9AD125F3E1B0004E347C /* Debug */ = {
			isa = XCBuildConfiguration;
			buildSettings = {
				ALWAYS_SEARCH_USER_PATHS = NO;
				CLANG_ANALYZER_NONNULL = YES;
				CLANG_ANALYZER_NUMBER_OBJECT_CONVERSION = YES_AGGRESSIVE;
				CLANG_CXX_LANGUAGE_STANDARD = "gnu++14";
				CLANG_CXX_LIBRARY = "libc++";
				CLANG_ENABLE_MODULES = YES;
				CLANG_ENABLE_OBJC_ARC = YES;
				CLANG_ENABLE_OBJC_WEAK = YES;
				CLANG_WARN_BLOCK_CAPTURE_AUTORELEASING = YES;
				CLANG_WARN_BOOL_CONVERSION = YES;
				CLANG_WARN_COMMA = YES;
				CLANG_WARN_CONSTANT_CONVERSION = YES;
				CLANG_WARN_DEPRECATED_OBJC_IMPLEMENTATIONS = YES;
				CLANG_WARN_DIRECT_OBJC_ISA_USAGE = YES_ERROR;
				CLANG_WARN_DOCUMENTATION_COMMENTS = YES;
				CLANG_WARN_EMPTY_BODY = YES;
				CLANG_WARN_ENUM_CONVERSION = YES;
				CLANG_WARN_INFINITE_RECURSION = YES;
				CLANG_WARN_INT_CONVERSION = YES;
				CLANG_WARN_NON_LITERAL_NULL_CONVERSION = YES;
				CLANG_WARN_OBJC_IMPLICIT_RETAIN_SELF = YES;
				CLANG_WARN_OBJC_LITERAL_CONVERSION = YES;
				CLANG_WARN_OBJC_ROOT_CLASS = YES_ERROR;
				CLANG_WARN_QUOTED_INCLUDE_IN_FRAMEWORK_HEADER = YES;
				CLANG_WARN_RANGE_LOOP_ANALYSIS = YES;
				CLANG_WARN_STRICT_PROTOTYPES = YES;
				CLANG_WARN_SUSPICIOUS_MOVE = YES;
				CLANG_WARN_UNGUARDED_AVAILABILITY = YES_AGGRESSIVE;
				CLANG_WARN_UNREACHABLE_CODE = YES;
				CLANG_WARN__DUPLICATE_METHOD_MATCH = YES;
				COPY_PHASE_STRIP = NO;
				DEBUG_INFORMATION_FORMAT = dwarf;
				ENABLE_STRICT_OBJC_MSGSEND = YES;
				ENABLE_TESTABILITY = YES;
				GCC_C_LANGUAGE_STANDARD = gnu11;
				GCC_DYNAMIC_NO_PIC = NO;
				GCC_NO_COMMON_BLOCKS = YES;
				GCC_OPTIMIZATION_LEVEL = 0;
				GCC_PREPROCESSOR_DEFINITIONS = (
					"DEBUG=1",
					"$(inherited)",
				);
				GCC_WARN_64_TO_32_BIT_CONVERSION = YES;
				GCC_WARN_ABOUT_RETURN_TYPE = YES_ERROR;
				GCC_WARN_UNDECLARED_SELECTOR = YES;
				GCC_WARN_UNINITIALIZED_AUTOS = YES_AGGRESSIVE;
				GCC_WARN_UNUSED_FUNCTION = YES;
				GCC_WARN_UNUSED_VARIABLE = YES;
				IPHONEOS_DEPLOYMENT_TARGET = 14.4;
				MTL_ENABLE_DEBUG_INFO = INCLUDE_SOURCE;
				MTL_FAST_MATH = YES;
				ONLY_ACTIVE_ARCH = YES;
				SDKROOT = iphoneos;
				SWIFT_ACTIVE_COMPILATION_CONDITIONS = DEBUG;
				SWIFT_OPTIMIZATION_LEVEL = "-Onone";
			};
			name = Debug;
		};
		0A1D9AD225F3E1B0004E347C /* Release */ = {
			isa = XCBuildConfiguration;
			buildSettings = {
				ALWAYS_SEARCH_USER_PATHS = NO;
				CLANG_ANALYZER_NONNULL = YES;
				CLANG_ANALYZER_NUMBER_OBJECT_CONVERSION = YES_AGGRESSIVE;
				CLANG_CXX_LANGUAGE_STANDARD = "gnu++14";
				CLANG_CXX_LIBRARY = "libc++";
				CLANG_ENABLE_MODULES = YES;
				CLANG_ENABLE_OBJC_ARC = YES;
				CLANG_ENABLE_OBJC_WEAK = YES;
				CLANG_WARN_BLOCK_CAPTURE_AUTORELEASING = YES;
				CLANG_WARN_BOOL_CONVERSION = YES;
				CLANG_WARN_COMMA = YES;
				CLANG_WARN_CONSTANT_CONVERSION = YES;
				CLANG_WARN_DEPRECATED_OBJC_IMPLEMENTATIONS = YES;
				CLANG_WARN_DIRECT_OBJC_ISA_USAGE = YES_ERROR;
				CLANG_WARN_DOCUMENTATION_COMMENTS = YES;
				CLANG_WARN_EMPTY_BODY = YES;
				CLANG_WARN_ENUM_CONVERSION = YES;
				CLANG_WARN_INFINITE_RECURSION = YES;
				CLANG_WARN_INT_CONVERSION = YES;
				CLANG_WARN_NON_LITERAL_NULL_CONVERSION = YES;
				CLANG_WARN_OBJC_IMPLICIT_RETAIN_SELF = YES;
				CLANG_WARN_OBJC_LITERAL_CONVERSION = YES;
				CLANG_WARN_OBJC_ROOT_CLASS = YES_ERROR;
				CLANG_WARN_QUOTED_INCLUDE_IN_FRAMEWORK_HEADER = YES;
				CLANG_WARN_RANGE_LOOP_ANALYSIS = YES;
				CLANG_WARN_STRICT_PROTOTYPES = YES;
				CLANG_WARN_SUSPICIOUS_MOVE = YES;
				CLANG_WARN_UNGUARDED_AVAILABILITY = YES_AGGRESSIVE;
				CLANG_WARN_UNREACHABLE_CODE = YES;
				CLANG_WARN__DUPLICATE_METHOD_MATCH = YES;
				COPY_PHASE_STRIP = NO;
				DEBUG_INFORMATION_FORMAT = "dwarf-with-dsym";
				ENABLE_NS_ASSERTIONS = NO;
				ENABLE_STRICT_OBJC_MSGSEND = YES;
				GCC_C_LANGUAGE_STANDARD = gnu11;
				GCC_NO_COMMON_BLOCKS = YES;
				GCC_WARN_64_TO_32_BIT_CONVERSION = YES;
				GCC_WARN_ABOUT_RETURN_TYPE = YES_ERROR;
				GCC_WARN_UNDECLARED_SELECTOR = YES;
				GCC_WARN_UNINITIALIZED_AUTOS = YES_AGGRESSIVE;
				GCC_WARN_UNUSED_FUNCTION = YES;
				GCC_WARN_UNUSED_VARIABLE = YES;
				IPHONEOS_DEPLOYMENT_TARGET = 14.4;
				MTL_ENABLE_DEBUG_INFO = NO;
				MTL_FAST_MATH = YES;
				SDKROOT = iphoneos;
				SWIFT_COMPILATION_MODE = wholemodule;
				SWIFT_OPTIMIZATION_LEVEL = "-O";
				VALIDATE_PRODUCT = YES;
			};
			name = Release;
		};
		0A1D9AD425F3E1B0004E347C /* Debug */ = {
			isa = XCBuildConfiguration;
			buildSettings = {
				ASSETCATALOG_COMPILER_APPICON_NAME = AppIcon;
				ASSETCATALOG_COMPILER_GLOBAL_ACCENT_COLOR_NAME = AccentColor;
				CODE_SIGN_STYLE = Automatic;
				DEVELOPMENT_TEAM = 963SC8FJND;
				INFOPLIST_FILE = Tasker/Info.plist;
				LD_RUNPATH_SEARCH_PATHS = (
					"$(inherited)",
					"@executable_path/Frameworks",
				);
				PRODUCT_BUNDLE_IDENTIFIER = com.davdima.Tasker;
				PRODUCT_NAME = "$(TARGET_NAME)";
				SWIFT_VERSION = 5.0;
				TARGETED_DEVICE_FAMILY = "1,2";
			};
			name = Debug;
		};
		0A1D9AD525F3E1B0004E347C /* Release */ = {
			isa = XCBuildConfiguration;
			buildSettings = {
				ASSETCATALOG_COMPILER_APPICON_NAME = AppIcon;
				ASSETCATALOG_COMPILER_GLOBAL_ACCENT_COLOR_NAME = AccentColor;
				CODE_SIGN_STYLE = Automatic;
				DEVELOPMENT_TEAM = 963SC8FJND;
				INFOPLIST_FILE = Tasker/Info.plist;
				LD_RUNPATH_SEARCH_PATHS = (
					"$(inherited)",
					"@executable_path/Frameworks",
				);
				PRODUCT_BUNDLE_IDENTIFIER = com.davdima.Tasker;
				PRODUCT_NAME = "$(TARGET_NAME)";
				SWIFT_VERSION = 5.0;
				TARGETED_DEVICE_FAMILY = "1,2";
			};
			name = Release;
		};
/* End XCBuildConfiguration section */

/* Begin XCConfigurationList section */
		0A1D9ABA25F3E1A7004E347C /* Build configuration list for PBXProject "Tasker" */ = {
			isa = XCConfigurationList;
			buildConfigurations = (
				0A1D9AD125F3E1B0004E347C /* Debug */,
				0A1D9AD225F3E1B0004E347C /* Release */,
			);
			defaultConfigurationIsVisible = 0;
			defaultConfigurationName = Release;
		};
		0A1D9AD325F3E1B0004E347C /* Build configuration list for PBXNativeTarget "Tasker" */ = {
			isa = XCConfigurationList;
			buildConfigurations = (
				0A1D9AD425F3E1B0004E347C /* Debug */,
				0A1D9AD525F3E1B0004E347C /* Release */,
			);
			defaultConfigurationIsVisible = 0;
			defaultConfigurationName = Release;
		};
/* End XCConfigurationList section */
	};
	rootObject = 0A1D9AB725F3E1A7004E347C /* Project object */;
}
